
Microsoft Visual Studio Solution File, Format Version 11.00
# Visual Studio 2010
Project("{FAE04EC0-301F-11D3-BF4B-00C04F79EFBC}") = "UnityEngine.TestRunner", "UnityEngine.TestRunner.csproj", "{97e9ee3e-31de-2167-ba3a-014287453d07}"
EndProject
Project("{FAE04EC0-301F-11D3-BF4B-00C04F79EFBC}") = "Unity.VisualScripting.Flow", "Unity.VisualScripting.Flow.csproj", "{a470eb7c-879c-38ce-cc4c-d1e82b07b92e}"
EndProject
Project("{FAE04EC0-301F-11D3-BF4B-00C04F79EFBC}") = "Unity.Mathematics", "Unity.Mathematics.csproj", "{1e627e54-ed9e-fa34-6b37-017b43d0d25a}"
EndProject
Project("{FAE04EC0-301F-11D3-BF4B-00C04F79EFBC}") = "Unity.Services.Core.Telemetry", "Unity.Services.Core.Telemetry.csproj", "{4830dce7-1136-62e1-2861-09614c9f89bb}"
EndProject
Project("{FAE04EC0-301F-11D3-BF4B-00C04F79EFBC}") = "Unity.VisualScripting.State", "Unity.VisualScripting.State.csproj", "{9f0c8695-03d3-04f0-6591-807f696df113}"
EndProject
Project("{FAE04EC0-301F-11D3-BF4B-00C04F79EFBC}") = "Unity.VisualScripting.Core", "Unity.VisualScripting.Core.csproj", "{e7b26dc4-97a3-477a-6551-c55071662d41}"
EndProject
Project("{FAE04EC0-301F-11D3-BF4B-00C04F79EFBC}") = "Assembly-CSharp", "Assembly-CSharp.csproj", "{697fd7ac-a018-4d76-b791-814e7bdd564a}"
EndProject
Project("{FAE04EC0-301F-11D3-BF4B-00C04F79EFBC}") = "Unity.Services.Core.Environments.Internal", "Unity.Services.Core.Environments.Internal.csproj", "{441c2eca-7bec-e06d-295a-ab2f0c4b2b08}"
EndProject
Project("{FAE04EC0-301F-11D3-BF4B-00C04F79EFBC}") = "Unity.Burst", "Unity.Burst.csproj", "{4dda29a3-ba97-7c63-2370-4d5997310d48}"
EndProject
Project("{FAE04EC0-301F-11D3-BF4B-00C04F79EFBC}") = "Unity.2D.Animation.Runtime", "Unity.2D.Animation.Runtime.csproj", "{298c6c28-70b4-0d82-6d56-0ded9ae71e8a}"
EndProject
Project("{FAE04EC0-301F-11D3-BF4B-00C04F79EFBC}") = "Unity.TextMeshPro", "Unity.TextMeshPro.csproj", "{5aacb34d-4e8d-d50b-9b05-3fde7554f3c1}"
EndProject
Project("{FAE04EC0-301F-11D3-BF4B-00C04F79EFBC}") = "Unity.Timeline", "Unity.Timeline.csproj", "{dc587109-c960-8f08-e0de-951bd7350858}"
EndProject
Project("{FAE04EC0-301F-11D3-BF4B-00C04F79EFBC}") = "Unity.Services.Core", "Unity.Services.Core.csproj", "{c2e80ab6-84cd-27c0-fd64-efea81da08b9}"
EndProject
Project("{FAE04EC0-301F-11D3-BF4B-00C04F79EFBC}") = "Unity.Services.Core.Environments", "Unity.Services.Core.Environments.csproj", "{17f18e23-e451-db42-f858-498b646b0b1b}"
EndProject
Project("{FAE04EC0-301F-11D3-BF4B-00C04F79EFBC}") = "Unity.Services.Core.Internal", "Unity.Services.Core.Internal.csproj", "{7fca8a2f-6f44-661d-549c-491affb526c9}"
EndProject
Project("{FAE04EC0-301F-11D3-BF4B-00C04F79EFBC}") = "Unity.Services.Core.Analytics", "Unity.Services.Core.Analytics.csproj", "{1d988bbb-9dca-86f0-1424-2f0c21b921b3}"
EndProject
Project("{FAE04EC0-301F-11D3-BF4B-00C04F79EFBC}") = "Unity.2D.SpriteShape.Runtime", "Unity.2D.SpriteShape.Runtime.csproj", "{ed98fd1c-1fb5-2fe5-d592-939e3c9222ba}"
EndProject
Project("{FAE04EC0-301F-11D3-BF4B-00C04F79EFBC}") = "Unity.Services.Core.Scheduler", "Unity.Services.Core.Scheduler.csproj", "{0ea7b89c-e19c-2601-f824-45ed9f5f63a2}"
EndProject
Project("{FAE04EC0-301F-11D3-BF4B-00C04F79EFBC}") = "Unity.Services.Core.Registration", "Unity.Services.Core.Registration.csproj", "{e2c2bfd9-62f3-4bf7-68ec-b60deb25af64}"
EndProject
Project("{FAE04EC0-301F-11D3-BF4B-00C04F79EFBC}") = "Unity.2D.PixelPerfect", "Unity.2D.PixelPerfect.csproj", "{810442bf-3df3-17db-158a-73e55fd492f9}"
EndProject
Project("{FAE04EC0-301F-11D3-BF4B-00C04F79EFBC}") = "Unity.2D.Common.Runtime", "Unity.2D.Common.Runtime.csproj", "{0c2d20ff-ddd5-fd80-aba9-a7a52d10c773}"
EndProject
Project("{FAE04EC0-301F-11D3-BF4B-00C04F79EFBC}") = "Unity.2D.IK.Runtime", "Unity.2D.IK.Runtime.csproj", "{64030425-bc70-23e2-5959-5c99605766a0}"
EndProject
Project("{FAE04EC0-301F-11D3-BF4B-00C04F79EFBC}") = "Unity.Services.Core.Device", "Unity.Services.Core.Device.csproj", "{8169cdfa-b036-a192-f5c7-f19848fd7877}"
EndProject
Project("{FAE04EC0-301F-11D3-BF4B-00C04F79EFBC}") = "Unity.Services.Core.Threading", "Unity.Services.Core.Threading.csproj", "{a3ca1e2e-81f3-c4bb-0abf-2dc5f49ec377}"
EndProject
Project("{FAE04EC0-301F-11D3-BF4B-00C04F79EFBC}") = "Unity.2D.Tilemap.Extras", "Unity.2D.Tilemap.Extras.csproj", "{609b74ae-1769-7e35-8fe7-8bc774be48f3}"
EndProject
Project("{FAE04EC0-301F-11D3-BF4B-00C04F79EFBC}") = "Unity.Services.Core.Networking", "Unity.Services.Core.Networking.csproj", "{5ee9d344-b86b-26d1-6497-4a67a96ddb12}"
EndProject
Project("{FAE04EC0-301F-11D3-BF4B-00C04F79EFBC}") = "Unity.InternalAPIEngineBridge.001", "Unity.InternalAPIEngineBridge.001.csproj", "{f2f5b317-db90-d56b-27ae-efe69bbb290b}"
EndProject
Project("{FAE04EC0-301F-11D3-BF4B-00C04F79EFBC}") = "Unity.Services.Core.Configuration", "Unity.Services.Core.Configuration.csproj", "{2e34a30d-223d-b390-de2e-424aed847492}"
EndProject
Project("{FAE04EC0-301F-11D3-BF4B-00C04F79EFBC}") = "Unity.PlasticSCM.Editor", "Unity.PlasticSCM.Editor.csproj", "{97b21f18-1156-d735-2d18-fbb8dc3d7418}"
EndProject
Project("{FAE04EC0-301F-11D3-BF4B-00C04F79EFBC}") = "Unity.VisualScripting.Core.Editor", "Unity.VisualScripting.Core.Editor.csproj", "{2d42a30b-fcc6-ae0f-3b2a-0e30cc5122f7}"
EndProject
Project("{FAE04EC0-301F-11D3-BF4B-00C04F79EFBC}") = "Unity.VisualScripting.Flow.Editor", "Unity.VisualScripting.Flow.Editor.csproj", "{e00c0f37-1e7f-5df7-aa9b-f1bb04d322fe}"
EndProject
Project("{FAE04EC0-301F-11D3-BF4B-00C04F79EFBC}") = "Unity.VisualStudio.Editor", "Unity.VisualStudio.Editor.csproj", "{ff01bf1a-2a6f-2d2a-2104-cdb9fc7029c9}"
EndProject
Project("{FAE04EC0-301F-11D3-BF4B-00C04F79EFBC}") = "Unity.Timeline.Editor", "Unity.Timeline.Editor.csproj", "{80911341-b3a1-2b3d-6ab6-8baac1438c4a}"
EndProject
Project("{FAE04EC0-301F-11D3-BF4B-00C04F79EFBC}") = "Unity.VisualScripting.State.Editor", "Unity.VisualScripting.State.Editor.csproj", "{dcf983cd-7582-e0f0-fd55-7aa4c2aceecf}"
EndProject
Project("{FAE04EC0-301F-11D3-BF4B-00C04F79EFBC}") = "Unity.TextMeshPro.Editor", "Unity.TextMeshPro.Editor.csproj", "{ab261933-2500-e9be-f447-228cbeadaf01}"
EndProject
Project("{FAE04EC0-301F-11D3-BF4B-00C04F79EFBC}") = "Unity.2D.PixelPerfect.Editor", "Unity.2D.PixelPerfect.Editor.csproj", "{4bdc8593-9417-d5e9-7971-6b1d228ed0f0}"
EndProject
Project("{FAE04EC0-301F-11D3-BF4B-00C04F79EFBC}") = "Unity.2D.Animation.Editor", "Unity.2D.Animation.Editor.csproj", "{a4c708cd-5438-beda-f4fd-746e224b926c}"
EndProject
Project("{FAE04EC0-301F-11D3-BF4B-00C04F79EFBC}") = "Unity.VisualScripting.SettingsProvider.Editor", "Unity.VisualScripting.SettingsProvider.Editor.csproj", "{341f238e-897f-1779-1c3f-c0c29de6d697}"
EndProject
Project("{FAE04EC0-301F-11D3-BF4B-00C04F79EFBC}") = "Unity.CollabProxy.Editor", "Unity.CollabProxy.Editor.csproj", "{44fdb411-cdba-387b-1ea2-df2a8602b2b9}"
EndProject
Project("{FAE04EC0-301F-11D3-BF4B-00C04F79EFBC}") = "UnityEditor.TestRunner", "UnityEditor.TestRunner.csproj", "{84246304-64fb-d316-6f56-d3d445375e25}"
EndProject
Project("{FAE04EC0-301F-11D3-BF4B-00C04F79EFBC}") = "Unity.Services.Core.Editor", "Unity.Services.Core.Editor.csproj", "{21b90775-426e-43fa-1e12-c5eb5f8664cd}"
EndProject
Project("{FAE04EC0-301F-11D3-BF4B-00C04F79EFBC}") = "Unity.Rider.Editor", "Unity.Rider.Editor.csproj", "{a1ef091f-30d4-b888-77f3-58dc877404df}"
EndProject
Project("{FAE04EC0-301F-11D3-BF4B-00C04F79EFBC}") = "Unity.2D.Path.Editor", "Unity.2D.Path.Editor.csproj", "{103edf27-559c-ca3b-b546-53011bf59a09}"
EndProject
Project("{FAE04EC0-301F-11D3-BF4B-00C04F79EFBC}") = "PsdPlugin", "PsdPlugin.csproj", "{7b0ccbd7-6fe5-cbed-2e1a-6db853144e5e}"
EndProject
Project("{FAE04EC0-301F-11D3-BF4B-00C04F79EFBC}") = "Unity.2D.IK.Editor", "Unity.2D.IK.Editor.csproj", "{150a8b53-4f68-a370-3e7b-d07c3b7dd3c6}"
EndProject
Project("{FAE04EC0-301F-11D3-BF4B-00C04F79EFBC}") = "Unity.2D.Psdimporter.Editor", "Unity.2D.Psdimporter.Editor.csproj", "{d0d827b0-45c5-8bd9-ca93-6194ee9938ed}"
EndProject
Project("{FAE04EC0-301F-11D3-BF4B-00C04F79EFBC}") = "Unity.2D.SpriteShape.Editor", "Unity.2D.SpriteShape.Editor.csproj", "{d9a750a1-604a-8060-9b9a-2e43eb8bd747}"
EndProject
Project("{FAE04EC0-301F-11D3-BF4B-00C04F79EFBC}") = "Unity.Burst.CodeGen", "Unity.Burst.CodeGen.csproj", "{eddc1859-06a6-95c6-d1ed-7e23bfe6dd26}"
EndProject
Project("{FAE04EC0-301F-11D3-BF4B-00C04F79EFBC}") = "Unity.VSCode.Editor", "Unity.VSCode.Editor.csproj", "{34579bcd-4ded-d1c0-9ea2-9db62d00435a}"
EndProject
Project("{FAE04EC0-301F-11D3-BF4B-00C04F79EFBC}") = "Unity.2D.Common.Editor", "Unity.2D.Common.Editor.csproj", "{104d0878-1622-e154-f50d-60cb64761e68}"
EndProject
Project("{FAE04EC0-301F-11D3-BF4B-00C04F79EFBC}") = "Unity.Mathematics.Editor", "Unity.Mathematics.Editor.csproj", "{ac85494d-94bf-675f-d575-9ae4b61ea6ab}"
EndProject
Project("{FAE04EC0-301F-11D3-BF4B-00C04F79EFBC}") = "Unity.Services.Core.Configuration.Editor", "Unity.Services.Core.Configuration.Editor.csproj", "{8100ffa0-4a50-9a65-2aa5-6f5ed2d3b394}"
EndProject
Project("{FAE04EC0-301F-11D3-BF4B-00C04F79EFBC}") = "Unity.2D.Tilemap.Extras.Editor", "Unity.2D.Tilemap.Extras.Editor.csproj", "{399d3fe4-1dd8-f330-61fc-2d4146f01d64}"
EndProject
Project("{FAE04EC0-301F-11D3-BF4B-00C04F79EFBC}") = "Unity.Burst.Editor", "Unity.Burst.Editor.csproj", "{63b395fa-2996-b27e-154f-7e09cb89f961}"
EndProject
Project("{FAE04EC0-301F-11D3-BF4B-00C04F79EFBC}") = "Unity.InternalAPIEditorBridge.001", "Unity.InternalAPIEditorBridge.001.csproj", "{10478924-4f5a-d38c-f28f-93e572c3933a}"
EndProject
Project("{FAE04EC0-301F-11D3-BF4B-00C04F79EFBC}") = "Unity.VisualScripting.Shared.Editor", "Unity.VisualScripting.Shared.Editor.csproj", "{3ea9a0ff-ea73-a2ee-e33b-c8d91fd63386}"
EndProject
Global
	GlobalSection(SolutionConfigurationPlatforms) = preSolution
		Debug|Any CPU = Debug|Any CPU
	EndGlobalSection
	GlobalSection(ProjectConfigurationPlatforms) = postSolution
		{97e9ee3e-31de-2167-ba3a-014287453d07}.Debug|Any CPU.ActiveCfg = Debug|Any CPU
		{97e9ee3e-31de-2167-ba3a-014287453d07}.Debug|Any CPU.Build.0 = Debug|Any CPU
		{a470eb7c-879c-38ce-cc4c-d1e82b07b92e}.Debug|Any CPU.ActiveCfg = Debug|Any CPU
		{a470eb7c-879c-38ce-cc4c-d1e82b07b92e}.Debug|Any CPU.Build.0 = Debug|Any CPU
		{1e627e54-ed9e-fa34-6b37-017b43d0d25a}.Debug|Any CPU.ActiveCfg = Debug|Any CPU
		{1e627e54-ed9e-fa34-6b37-017b43d0d25a}.Debug|Any CPU.Build.0 = Debug|Any CPU
		{4830dce7-1136-62e1-2861-09614c9f89bb}.Debug|Any CPU.ActiveCfg = Debug|Any CPU
		{4830dce7-1136-62e1-2861-09614c9f89bb}.Debug|Any CPU.Build.0 = Debug|Any CPU
		{9f0c8695-03d3-04f0-6591-807f696df113}.Debug|Any CPU.ActiveCfg = Debug|Any CPU
		{9f0c8695-03d3-04f0-6591-807f696df113}.Debug|Any CPU.Build.0 = Debug|Any CPU
		{e7b26dc4-97a3-477a-6551-c55071662d41}.Debug|Any CPU.ActiveCfg = Debug|Any CPU
		{e7b26dc4-97a3-477a-6551-c55071662d41}.Debug|Any CPU.Build.0 = Debug|Any CPU
		{697fd7ac-a018-4d76-b791-814e7bdd564a}.Debug|Any CPU.ActiveCfg = Debug|Any CPU
		{697fd7ac-a018-4d76-b791-814e7bdd564a}.Debug|Any CPU.Build.0 = Debug|Any CPU
		{441c2eca-7bec-e06d-295a-ab2f0c4b2b08}.Debug|Any CPU.ActiveCfg = Debug|Any CPU
		{441c2eca-7bec-e06d-295a-ab2f0c4b2b08}.Debug|Any CPU.Build.0 = Debug|Any CPU
		{4dda29a3-ba97-7c63-2370-4d5997310d48}.Debug|Any CPU.ActiveCfg = Debug|Any CPU
		{4dda29a3-ba97-7c63-2370-4d5997310d48}.Debug|Any CPU.Build.0 = Debug|Any CPU
		{298c6c28-70b4-0d82-6d56-0ded9ae71e8a}.Debug|Any CPU.ActiveCfg = Debug|Any CPU
		{298c6c28-70b4-0d82-6d56-0ded9ae71e8a}.Debug|Any CPU.Build.0 = Debug|Any CPU
		{5aacb34d-4e8d-d50b-9b05-3fde7554f3c1}.Debug|Any CPU.ActiveCfg = Debug|Any CPU
		{5aacb34d-4e8d-d50b-9b05-3fde7554f3c1}.Debug|Any CPU.Build.0 = Debug|Any CPU
		{dc587109-c960-8f08-e0de-951bd7350858}.Debug|Any CPU.ActiveCfg = Debug|Any CPU
		{dc587109-c960-8f08-e0de-951bd7350858}.Debug|Any CPU.Build.0 = Debug|Any CPU
		{c2e80ab6-84cd-27c0-fd64-efea81da08b9}.Debug|Any CPU.ActiveCfg = Debug|Any CPU
		{c2e80ab6-84cd-27c0-fd64-efea81da08b9}.Debug|Any CPU.Build.0 = Debug|Any CPU
		{17f18e23-e451-db42-f858-498b646b0b1b}.Debug|Any CPU.ActiveCfg = Debug|Any CPU
		{17f18e23-e451-db42-f858-498b646b0b1b}.Debug|Any CPU.Build.0 = Debug|Any CPU
		{7fca8a2f-6f44-661d-549c-491affb526c9}.Debug|Any CPU.ActiveCfg = Debug|Any CPU
		{7fca8a2f-6f44-661d-549c-491affb526c9}.Debug|Any CPU.Build.0 = Debug|Any CPU
		{1d988bbb-9dca-86f0-1424-2f0c21b921b3}.Debug|Any CPU.ActiveCfg = Debug|Any CPU
		{1d988bbb-9dca-86f0-1424-2f0c21b921b3}.Debug|Any CPU.Build.0 = Debug|Any CPU
		{ed98fd1c-1fb5-2fe5-d592-939e3c9222ba}.Debug|Any CPU.ActiveCfg = Debug|Any CPU
		{ed98fd1c-1fb5-2fe5-d592-939e3c9222ba}.Debug|Any CPU.Build.0 = Debug|Any CPU
		{0ea7b89c-e19c-2601-f824-45ed9f5f63a2}.Debug|Any CPU.ActiveCfg = Debug|Any CPU
		{0ea7b89c-e19c-2601-f824-45ed9f5f63a2}.Debug|Any CPU.Build.0 = Debug|Any CPU
		{e2c2bfd9-62f3-4bf7-68ec-b60deb25af64}.Debug|Any CPU.ActiveCfg = Debug|Any CPU
		{e2c2bfd9-62f3-4bf7-68ec-b60deb25af64}.Debug|Any CPU.Build.0 = Debug|Any CPU
		{810442bf-3df3-17db-158a-73e55fd492f9}.Debug|Any CPU.ActiveCfg = Debug|Any CPU
		{810442bf-3df3-17db-158a-73e55fd492f9}.Debug|Any CPU.Build.0 = Debug|Any CPU
		{0c2d20ff-ddd5-fd80-aba9-a7a52d10c773}.Debug|Any CPU.ActiveCfg = Debug|Any CPU
		{0c2d20ff-ddd5-fd80-aba9-a7a52d10c773}.Debug|Any CPU.Build.0 = Debug|Any CPU
		{64030425-bc70-23e2-5959-5c99605766a0}.Debug|Any CPU.ActiveCfg = Debug|Any CPU
		{64030425-bc70-23e2-5959-5c99605766a0}.Debug|Any CPU.Build.0 = Debug|Any CPU
		{8169cdfa-b036-a192-f5c7-f19848fd7877}.Debug|Any CPU.ActiveCfg = Debug|Any CPU
		{8169cdfa-b036-a192-f5c7-f19848fd7877}.Debug|Any CPU.Build.0 = Debug|Any CPU
		{a3ca1e2e-81f3-c4bb-0abf-2dc5f49ec377}.Debug|Any CPU.ActiveCfg = Debug|Any CPU
		{a3ca1e2e-81f3-c4bb-0abf-2dc5f49ec377}.Debug|Any CPU.Build.0 = Debug|Any CPU
		{609b74ae-1769-7e35-8fe7-8bc774be48f3}.Debug|Any CPU.ActiveCfg = Debug|Any CPU
		{609b74ae-1769-7e35-8fe7-8bc774be48f3}.Debug|Any CPU.Build.0 = Debug|Any CPU
		{5ee9d344-b86b-26d1-6497-4a67a96ddb12}.Debug|Any CPU.ActiveCfg = Debug|Any CPU
		{5ee9d344-b86b-26d1-6497-4a67a96ddb12}.Debug|Any CPU.Build.0 = Debug|Any CPU
		{f2f5b317-db90-d56b-27ae-efe69bbb290b}.Debug|Any CPU.ActiveCfg = Debug|Any CPU
		{f2f5b317-db90-d56b-27ae-efe69bbb290b}.Debug|Any CPU.Build.0 = Debug|Any CPU
		{2e34a30d-223d-b390-de2e-424aed847492}.Debug|Any CPU.ActiveCfg = Debug|Any CPU
		{2e34a30d-223d-b390-de2e-424aed847492}.Debug|Any CPU.Build.0 = Debug|Any CPU
		{97b21f18-1156-d735-2d18-fbb8dc3d7418}.Debug|Any CPU.ActiveCfg = Debug|Any CPU
		{97b21f18-1156-d735-2d18-fbb8dc3d7418}.Debug|Any CPU.Build.0 = Debug|Any CPU
		{2d42a30b-fcc6-ae0f-3b2a-0e30cc5122f7}.Debug|Any CPU.ActiveCfg = Debug|Any CPU
		{2d42a30b-fcc6-ae0f-3b2a-0e30cc5122f7}.Debug|Any CPU.Build.0 = Debug|Any CPU
		{e00c0f37-1e7f-5df7-aa9b-f1bb04d322fe}.Debug|Any CPU.ActiveCfg = Debug|Any CPU
		{e00c0f37-1e7f-5df7-aa9b-f1bb04d322fe}.Debug|Any CPU.Build.0 = Debug|Any CPU
		{ff01bf1a-2a6f-2d2a-2104-cdb9fc7029c9}.Debug|Any CPU.ActiveCfg = Debug|Any CPU
		{ff01bf1a-2a6f-2d2a-2104-cdb9fc7029c9}.Debug|Any CPU.Build.0 = Debug|Any CPU
		{80911341-b3a1-2b3d-6ab6-8baac1438c4a}.Debug|Any CPU.ActiveCfg = Debug|Any CPU
		{80911341-b3a1-2b3d-6ab6-8baac1438c4a}.Debug|Any CPU.Build.0 = Debug|Any CPU
		{dcf983cd-7582-e0f0-fd55-7aa4c2aceecf}.Debug|Any CPU.ActiveCfg = Debug|Any CPU
		{dcf983cd-7582-e0f0-fd55-7aa4c2aceecf}.Debug|Any CPU.Build.0 = Debug|Any CPU
		{ab261933-2500-e9be-f447-228cbeadaf01}.Debug|Any CPU.ActiveCfg = Debug|Any CPU
		{ab261933-2500-e9be-f447-228cbeadaf01}.Debug|Any CPU.Build.0 = Debug|Any CPU
		{4bdc8593-9417-d5e9-7971-6b1d228ed0f0}.Debug|Any CPU.ActiveCfg = Debug|Any CPU
		{4bdc8593-9417-d5e9-7971-6b1d228ed0f0}.Debug|Any CPU.Build.0 = Debug|Any CPU
		{a4c708cd-5438-beda-f4fd-746e224b926c}.Debug|Any CPU.ActiveCfg = Debug|Any CPU
		{a4c708cd-5438-beda-f4fd-746e224b926c}.Debug|Any CPU.Build.0 = Debug|Any CPU
		{341f238e-897f-1779-1c3f-c0c29de6d697}.Debug|Any CPU.ActiveCfg = Debug|Any CPU
		{341f238e-897f-1779-1c3f-c0c29de6d697}.Debug|Any CPU.Build.0 = Debug|Any CPU
		{44fdb411-cdba-387b-1ea2-df2a8602b2b9}.Debug|Any CPU.ActiveCfg = Debug|Any CPU
		{44fdb411-cdba-387b-1ea2-df2a8602b2b9}.Debug|Any CPU.Build.0 = Debug|Any CPU
		{84246304-64fb-d316-6f56-d3d445375e25}.Debug|Any CPU.ActiveCfg = Debug|Any CPU
		{84246304-64fb-d316-6f56-d3d445375e25}.Debug|Any CPU.Build.0 = Debug|Any CPU
		{21b90775-426e-43fa-1e12-c5eb5f8664cd}.Debug|Any CPU.ActiveCfg = Debug|Any CPU
		{21b90775-426e-43fa-1e12-c5eb5f8664cd}.Debug|Any CPU.Build.0 = Debug|Any CPU
		{a1ef091f-30d4-b888-77f3-58dc877404df}.Debug|Any CPU.ActiveCfg = Debug|Any CPU
		{a1ef091f-30d4-b888-77f3-58dc877404df}.Debug|Any CPU.Build.0 = Debug|Any CPU
		{103edf27-559c-ca3b-b546-53011bf59a09}.Debug|Any CPU.ActiveCfg = Debug|Any CPU
		{103edf27-559c-ca3b-b546-53011bf59a09}.Debug|Any CPU.Build.0 = Debug|Any CPU
		{7b0ccbd7-6fe5-cbed-2e1a-6db853144e5e}.Debug|Any CPU.ActiveCfg = Debug|Any CPU
		{7b0ccbd7-6fe5-cbed-2e1a-6db853144e5e}.Debug|Any CPU.Build.0 = Debug|Any CPU
		{150a8b53-4f68-a370-3e7b-d07c3b7dd3c6}.Debug|Any CPU.ActiveCfg = Debug|Any CPU
		{150a8b53-4f68-a370-3e7b-d07c3b7dd3c6}.Debug|Any CPU.Build.0 = Debug|Any CPU
		{d0d827b0-45c5-8bd9-ca93-6194ee9938ed}.Debug|Any CPU.ActiveCfg = Debug|Any CPU
		{d0d827b0-45c5-8bd9-ca93-6194ee9938ed}.Debug|Any CPU.Build.0 = Debug|Any CPU
		{d9a750a1-604a-8060-9b9a-2e43eb8bd747}.Debug|Any CPU.ActiveCfg = Debug|Any CPU
		{d9a750a1-604a-8060-9b9a-2e43eb8bd747}.Debug|Any CPU.Build.0 = Debug|Any CPU
		{eddc1859-06a6-95c6-d1ed-7e23bfe6dd26}.Debug|Any CPU.ActiveCfg = Debug|Any CPU
		{eddc1859-06a6-95c6-d1ed-7e23bfe6dd26}.Debug|Any CPU.Build.0 = Debug|Any CPU
		{34579bcd-4ded-d1c0-9ea2-9db62d00435a}.Debug|Any CPU.ActiveCfg = Debug|Any CPU
		{34579bcd-4ded-d1c0-9ea2-9db62d00435a}.Debug|Any CPU.Build.0 = Debug|Any CPU
		{104d0878-1622-e154-f50d-60cb64761e68}.Debug|Any CPU.ActiveCfg = Debug|Any CPU
		{104d0878-1622-e154-f50d-60cb64761e68}.Debug|Any CPU.Build.0 = Debug|Any CPU
		{ac85494d-94bf-675f-d575-9ae4b61ea6ab}.Debug|Any CPU.ActiveCfg = Debug|Any CPU
		{ac85494d-94bf-675f-d575-9ae4b61ea6ab}.Debug|Any CPU.Build.0 = Debug|Any CPU
		{8100ffa0-4a50-9a65-2aa5-6f5ed2d3b394}.Debug|Any CPU.ActiveCfg = Debug|Any CPU
		{8100ffa0-4a50-9a65-2aa5-6f5ed2d3b394}.Debug|Any CPU.Build.0 = Debug|Any CPU
		{399d3fe4-1dd8-f330-61fc-2d4146f01d64}.Debug|Any CPU.ActiveCfg = Debug|Any CPU
		{399d3fe4-1dd8-f330-61fc-2d4146f01d64}.Debug|Any CPU.Build.0 = Debug|Any CPU
		{63b395fa-2996-b27e-154f-7e09cb89f961}.Debug|Any CPU.ActiveCfg = Debug|Any CPU
		{63b395fa-2996-b27e-154f-7e09cb89f961}.Debug|Any CPU.Build.0 = Debug|Any CPU
		{10478924-4f5a-d38c-f28f-93e572c3933a}.Debug|Any CPU.ActiveCfg = Debug|Any CPU
		{10478924-4f5a-d38c-f28f-93e572c3933a}.Debug|Any CPU.Build.0 = Debug|Any CPU
		{3ea9a0ff-ea73-a2ee-e33b-c8d91fd63386}.Debug|Any CPU.ActiveCfg = Debug|Any CPU
		{3ea9a0ff-ea73-a2ee-e33b-c8d91fd63386}.Debug|Any CPU.Build.0 = Debug|Any CPU
	EndGlobalSection
	GlobalSection(SolutionProperties) = preSolution
		HideSolutionNode = FALSE
	EndGlobalSection
EndGlobal
